
Microsoft Visual Studio Solution File, Format Version 12.00
# Visual Studio Version 16
VisualStudioVersion = 16.0.31729.503
MinimumVisualStudioVersion = 10.0.40219.1
Project("{FAE04EC0-301F-11D3-BF4B-00C04F79EFBC}") = "WebApplication1", "WebApplication1.csproj", "{BB88CC6D-0B22-4BBA-B486-E02D840FAD3E}"
EndProject
Global
	GlobalSection(SolutionConfigurationPlatforms) = preSolution
		Debug|Any CPU = Debug|Any CPU
		Release|Any CPU = Release|Any CPU
	EndGlobalSection
	GlobalSection(ProjectConfigurationPlatforms) = postSolution
		{BB88CC6D-0B22-4BBA-B486-E02D840FAD3E}.Debug|Any CPU.ActiveCfg = Debug|Any CPU
		{BB88CC6D-0B22-4BBA-B486-E02D840FAD3E}.Debug|Any CPU.Build.0 = Debug|Any CPU
		{BB88CC6D-0B22-4BBA-B486-E02D840FAD3E}.Release|Any CPU.ActiveCfg = Release|Any CPU
		{BB88CC6D-0B22-4BBA-B486-E02D840FAD3E}.Release|Any CPU.Build.0 = Release|Any CPU
	EndGlobalSection
	GlobalSection(SolutionProperties) = preSolution
		HideSolutionNode = FALSE
	EndGlobalSection
	GlobalSection(ExtensibilityGlobals) = postSolution
		SolutionGuid = {36CE3D34-C210-4BB1-985F-1CC52735D17C}
	EndGlobalSection
EndGlobal
